{
  "name": "guide",
  "version": "1.0.0",
  "lockfileVersion": 1,
  "requires": true,
  "dependencies": {
    "govuk-frontend": {
      "version": "3.9.1",
      "resolved": "https://registry.npmjs.org/govuk-frontend/-/govuk-frontend-3.9.1.tgz",
      "integrity": "sha512-ouOoDUj0QwDA4uCHIBkGCFMpORuTRcSuDscOrz7V1PBcOecntLglxJAZAuNm+j2sPo7anoScHU0ZSeE2QIoeAg=="
    }
  }
}
