{
  "name": "guide",
  "version": "1.0.0",
  "lockfileVersion": 2,
  "requires": true,
  "packages": {
    "": {
      "version": "1.0.0",
      "license": "ISC",
      "dependencies": {
        "govuk-frontend": "^3.14.0"
      }
    },
    "node_modules/govuk-frontend": {
      "version": "3.14.0",
      "resolved": "https://registry.npmjs.org/govuk-frontend/-/govuk-frontend-3.14.0.tgz",
      "integrity": "sha512-y7FTuihCSA8Hty+e9h0uPhCoNanCAN+CLioNFlPmlbeHXpbi09VMyxTcH+XfnMPY4Cp++7096v0rLwwdapTXnA==",
      "engines": {
        "node": ">= 4.2.0"
      }
    }
  },
  "dependencies": {
    "govuk-frontend": {
      "version": "3.14.0",
      "resolved": "https://registry.npmjs.org/govuk-frontend/-/govuk-frontend-3.14.0.tgz",
      "integrity": "sha512-y7FTuihCSA8Hty+e9h0uPhCoNanCAN+CLioNFlPmlbeHXpbi09VMyxTcH+XfnMPY4Cp++7096v0rLwwdapTXnA=="
    }
  }
}
