{
  "name": "guide",
  "version": "1.0.0",
  "lockfileVersion": 1,
  "requires": true,
  "dependencies": {
    "govuk-frontend": {
      "version": "3.9.0",
      "resolved": "https://registry.npmjs.org/govuk-frontend/-/govuk-frontend-3.9.0.tgz",
      "integrity": "sha512-RxlgKJzlFzKPKd0reUC9/xzR2MJ2x0Ky0VK+ikndVkgODKT+Lpt3qIKEqhuJ4aGpBGOxZV9Cha+CkxYdE7GDHQ=="
    }
  }
}
